// !$*UTF8*$!
{
	archiveVersion = 1;
	classes = {
	};
	objectVersion = 46;
	objects = {

/* Begin PBXBuildFile section */
		8E3BC16D1CFB75B40077EBD7 /* ProductsTableViewController.swift in Sources */ = {isa = PBXBuildFile; fileRef = 8E3BC16C1CFB75B40077EBD7 /* ProductsTableViewController.swift */; };
		8E4B9E2F1CFF8A770078F632 /* Product.swift in Sources */ = {isa = PBXBuildFile; fileRef = 8E4B9E2E1CFF8A770078F632 /* Product.swift */; };
		8EB7CF891CF22F69006833F9 /* ProductViewController.swift in Sources */ = {isa = PBXBuildFile; fileRef = 8EB7CF881CF22F69006833F9 /* ProductViewController.swift */; };
		8EB7CF8B1CF23C80006833F9 /* ContactViewController.swift in Sources */ = {isa = PBXBuildFile; fileRef = 8EB7CF8A1CF23C80006833F9 /* ContactViewController.swift */; };
		8EDF39DD1CF2202B0015A644 /* AppDelegate.swift in Sources */ = {isa = PBXBuildFile; fileRef = 8EDF39DC1CF2202B0015A644 /* AppDelegate.swift */; };
		8EDF39E21CF2202B0015A644 /* Main.storyboard in Resources */ = {isa = PBXBuildFile; fileRef = 8EDF39E01CF2202B0015A644 /* Main.storyboard */; };
		8EDF39E41CF2202B0015A644 /* Assets.xcassets in Resources */ = {isa = PBXBuildFile; fileRef = 8EDF39E31CF2202B0015A644 /* Assets.xcassets */; };
		8EDF39E71CF2202B0015A644 /* LaunchScreen.storyboard in Resources */ = {isa = PBXBuildFile; fileRef = 8EDF39E51CF2202B0015A644 /* LaunchScreen.storyboard */; };
/* End PBXBuildFile section */

/* Begin PBXFileReference section */
		8E3BC16C1CFB75B40077EBD7 /* ProductsTableViewController.swift */ = {isa = PBXFileReference; fileEncoding = 4; lastKnownFileType = sourcecode.swift; path = ProductsTableViewController.swift; sourceTree = "<group>"; };
		8E4B9E2E1CFF8A770078F632 /* Product.swift */ = {isa = PBXFileReference; fileEncoding = 4; lastKnownFileType = sourcecode.swift; path = Product.swift; sourceTree = "<group>"; };
		8EB7CF881CF22F69006833F9 /* ProductViewController.swift */ = {isa = PBXFileReference; fileEncoding = 4; lastKnownFileType = sourcecode.swift; path = ProductViewController.swift; sourceTree = "<group>"; };
		8EB7CF8A1CF23C80006833F9 /* ContactViewController.swift */ = {isa = PBXFileReference; fileEncoding = 4; lastKnownFileType = sourcecode.swift; path = ContactViewController.swift; sourceTree = "<group>"; };
		8EDF39D91CF2202B0015A644 /* GoodAsOldPhones.app */ = {isa = PBXFileReference; explicitFileType = wrapper.application; includeInIndex = 0; path = GoodAsOldPhones.app; sourceTree = BUILT_PRODUCTS_DIR; };
		8EDF39DC1CF2202B0015A644 /* AppDelegate.swift */ = {isa = PBXFileReference; lastKnownFileType = sourcecode.swift; path = AppDelegate.swift; sourceTree = "<group>"; };
		8EDF39E11CF2202B0015A644 /* Base */ = {isa = PBXFileReference; lastKnownFileType = file.storyboard; name = Base; path = Base.lproj/Main.storyboard; sourceTree = "<group>"; };
		8EDF39E31CF2202B0015A644 /* Assets.xcassets */ = {isa = PBXFileReference; lastKnownFileType = folder.assetcatalog; path = Assets.xcassets; sourceTree = "<group>"; };
		8EDF39E61CF2202B0015A644 /* Base */ = {isa = PBXFileReference; lastKnownFileType = file.storyboard; name = Base; path = Base.lproj/LaunchScreen.storyboard; sourceTree = "<group>"; };
		8EDF39E81CF2202B0015A644 /* Info.plist */ = {isa = PBXFileReference; lastKnownFileType = text.plist.xml; path = Info.plist; sourceTree = "<group>"; };
/* End PBXFileReference section */

/* Begin PBXFrameworksBuildPhase section */
		8EDF39D61CF2202B0015A644 /* Frameworks */ = {
			isa = PBXFrameworksBuildPhase;
			buildActionMask = 2147483647;
			files = (
			);
			runOnlyForDeploymentPostprocessing = 0;
		};
/* End PBXFrameworksBuildPhase section */

/* Begin PBXGroup section */
		8EDF39D01CF2202B0015A644 = {
			isa = PBXGroup;
			children = (
				8EDF39DB1CF2202B0015A644 /* GoodAsOldPhones */,
				8EDF39DA1CF2202B0015A644 /* Products */,
			);
			sourceTree = "<group>";
		};
		8EDF39DA1CF2202B0015A644 /* Products */ = {
			isa = PBXGroup;
			children = (
				8EDF39D91CF2202B0015A644 /* GoodAsOldPhones.app */,
			);
			name = Products;
			sourceTree = "<group>";
		};
		8EDF39DB1CF2202B0015A644 /* GoodAsOldPhones */ = {
			isa = PBXGroup;
			children = (
				8EDF39DC1CF2202B0015A644 /* AppDelegate.swift */,
				8EB7CF881CF22F69006833F9 /* ProductViewController.swift */,
				8EB7CF8A1CF23C80006833F9 /* ContactViewController.swift */,
				8E3BC16C1CFB75B40077EBD7 /* ProductsTableViewController.swift */,
				8E4B9E2E1CFF8A770078F632 /* Product.swift */,
				8EDF39E01CF2202B0015A644 /* Main.storyboard */,
				8EDF39E31CF2202B0015A644 /* Assets.xcassets */,
				8EDF39E51CF2202B0015A644 /* LaunchScreen.storyboard */,
				8EDF39E81CF2202B0015A644 /* Info.plist */,
			);
			path = GoodAsOldPhones;
			sourceTree = "<group>";
		};
/* End PBXGroup section */

/* Begin PBXNativeTarget section */
		8EDF39D81CF2202B0015A644 /* GoodAsOldPhones */ = {
			isa = PBXNativeTarget;
			buildConfigurationList = 8EDF39EB1CF2202B0015A644 /* Build configuration list for PBXNativeTarget "GoodAsOldPhones" */;
			buildPhases = (
				8EDF39D51CF2202B0015A644 /* Sources */,
				8EDF39D61CF2202B0015A644 /* Frameworks */,
				8EDF39D71CF2202B0015A644 /* Resources */,
			);
			buildRules = (
			);
			dependencies = (
			);
			name = GoodAsOldPhones;
			productName = GoodAsOldPhones;
			productReference = 8EDF39D91CF2202B0015A644 /* GoodAsOldPhones.app */;
			productType = "com.apple.product-type.application";
		};
/* End PBXNativeTarget section */

/* Begin PBXProject section */
		8EDF39D11CF2202B0015A644 /* Project object */ = {
			isa = PBXProject;
			attributes = {
				LastSwiftUpdateCheck = 0730;
				LastUpgradeCheck = 0730;
				ORGANIZATIONNAME = "Martín Montes Pérez";
				TargetAttributes = {
					8EDF39D81CF2202B0015A644 = {
						CreatedOnToolsVersion = 7.3.1;
					};
				};
			};
			buildConfigurationList = 8EDF39D41CF2202B0015A644 /* Build configuration list for PBXProject "GoodAsOldPhones" */;
			compatibilityVersion = "Xcode 3.2";
			developmentRegion = English;
			hasScannedForEncodings = 0;
			knownRegions = (
				en,
				Base,
			);
			mainGroup = 8EDF39D01CF2202B0015A644;
			productRefGroup = 8EDF39DA1CF2202B0015A644 /* Products */;
			projectDirPath = "";
			projectRoot = "";
			targets = (
				8EDF39D81CF2202B0015A644 /* GoodAsOldPhones */,
			);
		};
/* End PBXProject section */

/* Begin PBXResourcesBuildPhase section */
		8EDF39D71CF2202B0015A644 /* Resources */ = {
			isa = PBXResourcesBuildPhase;
			buildActionMask = 2147483647;
			files = (
				8EDF39E71CF2202B0015A644 /* LaunchScreen.storyboard in Resources */,
				8EDF39E41CF2202B0015A644 /* Assets.xcassets in Resources */,
				8EDF39E21CF2202B0015A644 /* Main.storyboard in Resources */,
			);
			runOnlyForDeploymentPostprocessing = 0;
		};
/* End PBXResourcesBuildPhase section */

/* Begin PBXSourcesBuildPhase section */
		8EDF39D51CF2202B0015A644 /* Sources */ = {
			isa = PBXSourcesBuildPhase;
			buildActionMask = 2147483647;
			files = (
				8EB7CF891CF22F69006833F9 /* ProductViewController.swift in Sources */,
				8E3BC16D1CFB75B40077EBD7 /* ProductsTableViewController.swift in Sources */,
				8E4B9E2F1CFF8A770078F632 /* Product.swift in Sources */,
				8EDF39DD1CF2202B0015A644 /* AppDelegate.swift in Sources */,
				8EB7CF8B1CF23C80006833F9 /* ContactViewController.swift in Sources */,
			);
			runOnlyForDeploymentPostprocessing = 0;
		};
/* End PBXSourcesBuildPhase section */

/* Begin PBXVariantGroup section */
		8EDF39E01CF2202B0015A644 /* Main.storyboard */ = {
			isa = PBXVariantGroup;
			children = (
				8EDF39E11CF2202B0015A644 /* Base */,
			);
			name = Main.storyboard;
			sourceTree = "<group>";
		};
		8EDF39E51CF2202B0015A644 /* LaunchScreen.storyboard */ = {
			isa = PBXVariantGroup;
			children = (
				8EDF39E61CF2202B0015A644 /* Base */,
			);
			name = LaunchScreen.storyboard;
			sourceTree = "<group>";
		};
/* End PBXVariantGroup section */

/* Begin XCBuildConfiguration section */
		8EDF39E91CF2202B0015A644 /* Debug */ = {
			isa = XCBuildConfiguration;
			buildSettings = {
				ALWAYS_SEARCH_USER_PATHS = NO;
				CLANG_ANALYZER_NONNULL = YES;
				CLANG_CXX_LANGUAGE_STANDARD = "gnu++0x";
				CLANG_CXX_LIBRARY = "libc++";
				CLANG_ENABLE_MODULES = YES;
				CLANG_ENABLE_OBJC_ARC = YES;
				CLANG_WARN_BOOL_CONVERSION = YES;
				CLANG_WARN_CONSTANT_CONVERSION = YES;
				CLANG_WARN_DIRECT_OBJC_ISA_USAGE = YES_ERROR;
				CLANG_WARN_EMPTY_BODY = YES;
				CLANG_WARN_ENUM_CONVERSION = YES;
				CLANG_WARN_INT_CONVERSION = YES;
				CLANG_WARN_OBJC_ROOT_CLASS = YES_ERROR;
				CLANG_WARN_UNREACHABLE_CODE = YES;
				CLANG_WARN__DUPLICATE_METHOD_MATCH = YES;
				"CODE_SIGN_IDENTITY[sdk=iphoneos*]" = "iPhone Developer";
				COPY_PHASE_STRIP = NO;
				DEBUG_INFORMATION_FORMAT = dwarf;
				ENABLE_STRICT_OBJC_MSGSEND = YES;
				ENABLE_TESTABILITY = YES;
				GCC_C_LANGUAGE_STANDARD = gnu99;
				GCC_DYNAMIC_NO_PIC = NO;
				GCC_NO_COMMON_BLOCKS = YES;
				GCC_OPTIMIZATION_LEVEL = 0;
				GCC_PREPROCESSOR_DEFINITIONS = (
					"DEBUG=1",
					"$(inherited)",
				);
				GCC_WARN_64_TO_32_BIT_CONVERSION = YES;
				GCC_WARN_ABOUT_RETURN_TYPE = YES_ERROR;
				GCC_WARN_UNDECLARED_SELECTOR = YES;
				GCC_WARN_UNINITIALIZED_AUTOS = YES_AGGRESSIVE;
				GCC_WARN_UNUSED_FUNCTION = YES;
				GCC_WARN_UNUSED_VARIABLE = YES;
				IPHONEOS_DEPLOYMENT_TARGET = 9.3;
				MTL_ENABLE_DEBUG_INFO = YES;
				ONLY_ACTIVE_ARCH = YES;
				SDKROOT = iphoneos;
				SWIFT_OPTIMIZATION_LEVEL = "-Onone";
			};
			name = Debug;
		};
		8EDF39EA1CF2202B0015A644 /* Release */ = {
			isa = XCBuildConfiguration;
			buildSettings = {
				ALWAYS_SEARCH_USER_PATHS = NO;
				CLANG_ANALYZER_NONNULL = YES;
				CLANG_CXX_LANGUAGE_STANDARD = "gnu++0x";
				CLANG_CXX_LIBRARY = "libc++";
				CLANG_ENABLE_MODULES = YES;
				CLANG_ENABLE_OBJC_ARC = YES;
				CLANG_WARN_BOOL_CONVERSION = YES;
				CLANG_WARN_CONSTANT_CONVERSION = YES;
				CLANG_WARN_DIRECT_OBJC_ISA_USAGE = YES_ERROR;
				CLANG_WARN_EMPTY_BODY = YES;
				CLANG_WARN_ENUM_CONVERSION = YES;
				CLANG_WARN_INT_CONVERSION = YES;
				CLANG_WARN_OBJC_ROOT_CLASS = YES_ERROR;
				CLANG_WARN_UNREACHABLE_CODE = YES;
				CLANG_WARN__DUPLICATE_METHOD_MATCH = YES;
				"CODE_SIGN_IDENTITY[sdk=iphoneos*]" = "iPhone Developer";
				COPY_PHASE_STRIP = NO;
				DEBUG_INFORMATION_FORMAT = "dwarf-with-dsym";
				ENABLE_NS_ASSERTIONS = NO;
				ENABLE_STRICT_OBJC_MSGSEND = YES;
				GCC_C_LANGUAGE_STANDARD = gnu99;
				GCC_NO_COMMON_BLOCKS = YES;
				GCC_WARN_64_TO_32_BIT_CONVERSION = YES;
				GCC_WARN_ABOUT_RETURN_TYPE = YES_ERROR;
				GCC_WARN_UNDECLARED_SELECTOR = YES;
				GCC_WARN_UNINITIALIZED_AUTOS = YES_AGGRESSIVE;
				GCC_WARN_UNUSED_FUNCTION = YES;
				GCC_WARN_UNUSED_VARIABLE = YES;
				IPHONEOS_DEPLOYMENT_TARGET = 9.3;
				MTL_ENABLE_DEBUG_INFO = NO;
				SDKROOT = iphoneos;
				VALIDATE_PRODUCT = YES;
			};
			name = Release;
		};
		8EDF39EC1CF2202B0015A644 /* Debug */ = {
			isa = XCBuildConfiguration;
			buildSettings = {
				ASSETCATALOG_COMPILER_APPICON_NAME = AppIcon;
				INFOPLIST_FILE = GoodAsOldPhones/Info.plist;
				LD_RUNPATH_SEARCH_PATHS = "$(inherited) @executable_path/Frameworks";
				PRODUCT_BUNDLE_IDENTIFIER = com.mmontes.GoodAsOldPhones;
				PRODUCT_NAME = "$(TARGET_NAME)";
			};
			name = Debug;
		};
		8EDF39ED1CF2202B0015A644 /* Release */ = {
			isa = XCBuildConfiguration;
			buildSettings = {
				ASSETCATALOG_COMPILER_APPICON_NAME = AppIcon;
				INFOPLIST_FILE = GoodAsOldPhones/Info.plist;
				LD_RUNPATH_SEARCH_PATHS = "$(inherited) @executable_path/Frameworks";
				PRODUCT_BUNDLE_IDENTIFIER = com.mmontes.GoodAsOldPhones;
				PRODUCT_NAME = "$(TARGET_NAME)";
			};
			name = Release;
		};
/* End XCBuildConfiguration section */

/* Begin XCConfigurationList section */
		8EDF39D41CF2202B0015A644 /* Build configuration list for PBXProject "GoodAsOldPhones" */ = {
			isa = XCConfigurationList;
			buildConfigurations = (
				8EDF39E91CF2202B0015A644 /* Debug */,
				8EDF39EA1CF2202B0015A644 /* Release */,
			);
			defaultConfigurationIsVisible = 0;
			defaultConfigurationName = Release;
		};
		8EDF39EB1CF2202B0015A644 /* Build configuration list for PBXNativeTarget "GoodAsOldPhones" */ = {
			isa = XCConfigurationList;
			buildConfigurations = (
				8EDF39EC1CF2202B0015A644 /* Debug */,
				8EDF39ED1CF2202B0015A644 /* Release */,
			);
			defaultConfigurationIsVisible = 0;
			defaultConfigurationName = Release;
		};
/* End XCConfigurationList section */
	};
	rootObject = 8EDF39D11CF2202B0015A644 /* Project object */;
}
